// !$*UTF8*$!
{
	archiveVersion = 1;
	classes = {
	};
	objectVersion = 51;
	objects = {

/* Begin PBXBuildFile section */
		483C95EEDCC4895FFA58285E /* Pods_ScienceNews.framework in Frameworks */ = {isa = PBXBuildFile; fileRef = BF648017B7DEB21164AD0C60 /* Pods_ScienceNews.framework */; };
		D31072C923C9C58200BE86DD /* AppDelegate.swift in Sources */ = {isa = PBXBuildFile; fileRef = D31072C823C9C58200BE86DD /* AppDelegate.swift */; };
		D31072CE23C9C58200BE86DD /* Main.storyboard in Resources */ = {isa = PBXBuildFile; fileRef = D31072CC23C9C58200BE86DD /* Main.storyboard */; };
		D31072D023C9C58300BE86DD /* Assets.xcassets in Resources */ = {isa = PBXBuildFile; fileRef = D31072CF23C9C58300BE86DD /* Assets.xcassets */; };
		D31072D323C9C58300BE86DD /* LaunchScreen.storyboard in Resources */ = {isa = PBXBuildFile; fileRef = D31072D123C9C58300BE86DD /* LaunchScreen.storyboard */; };
		D31072E223C9C71A00BE86DD /* TopHeadlinesPresenter.swift in Sources */ = {isa = PBXBuildFile; fileRef = D31072DC23C9C71A00BE86DD /* TopHeadlinesPresenter.swift */; };
		D31072E623C9C71A00BE86DD /* TopHeadlinesViewController.swift in Sources */ = {isa = PBXBuildFile; fileRef = D31072E023C9C71A00BE86DD /* TopHeadlinesViewController.swift */; };
		D31072E723C9C71A00BE86DD /* TopHeadlinesInteractor.swift in Sources */ = {isa = PBXBuildFile; fileRef = D31072E123C9C71A00BE86DD /* TopHeadlinesInteractor.swift */; };
		D31072EA23C9EA8300BE86DD /* ArticleCell.swift in Sources */ = {isa = PBXBuildFile; fileRef = D31072E923C9EA8300BE86DD /* ArticleCell.swift */; };
		D34C038A23CC4F2000CD5035 /* EverythingPresenter.swift in Sources */ = {isa = PBXBuildFile; fileRef = D34C038423CC4F2000CD5035 /* EverythingPresenter.swift */; };
		D34C038E23CC4F2000CD5035 /* EverythingViewController.swift in Sources */ = {isa = PBXBuildFile; fileRef = D34C038823CC4F2000CD5035 /* EverythingViewController.swift */; };
		D34C038F23CC4F2000CD5035 /* EverythingInteractor.swift in Sources */ = {isa = PBXBuildFile; fileRef = D34C038923CC4F2000CD5035 /* EverythingInteractor.swift */; };
		D34C03AF23CC667300CD5035 /* ArticlesWorker.swift in Sources */ = {isa = PBXBuildFile; fileRef = D34C03AE23CC667300CD5035 /* ArticlesWorker.swift */; };
		D34C03B123CC66C800CD5035 /* ArticlesModel.swift in Sources */ = {isa = PBXBuildFile; fileRef = D34C03B023CC66C800CD5035 /* ArticlesModel.swift */; };
		D34C03C023CD39FF00CD5035 /* SavedArticlesTableViewController.swift in Sources */ = {isa = PBXBuildFile; fileRef = D34C03BF23CD39FF00CD5035 /* SavedArticlesTableViewController.swift */; };
		D371865923CBAAA900E29C93 /* PagingTableViewController.swift in Sources */ = {isa = PBXBuildFile; fileRef = D371865823CBAAA900E29C93 /* PagingTableViewController.swift */; };
		D3DDE73923CAFAF00036B6CA /* LoadingCell.swift in Sources */ = {isa = PBXBuildFile; fileRef = D3DDE73723CAFAF00036B6CA /* LoadingCell.swift */; };
		D3DDE73A23CAFAF00036B6CA /* LoadingCell.xib in Resources */ = {isa = PBXBuildFile; fileRef = D3DDE73823CAFAF00036B6CA /* LoadingCell.xib */; };
		D3DDE74A23CB32420036B6CA /* ArticleCell.xib in Resources */ = {isa = PBXBuildFile; fileRef = D3DDE74923CB32420036B6CA /* ArticleCell.xib */; };
		D3DDE75623CB613A0036B6CA /* ArticleDetailsViewController.swift in Sources */ = {isa = PBXBuildFile; fileRef = D3DDE75023CB613A0036B6CA /* ArticleDetailsViewController.swift */; };
/* End PBXBuildFile section */

/* Begin PBXFileReference section */
		0A20097C3F0269FEAAFC2DE9 /* Pods-ScienceNews.debug.xcconfig */ = {isa = PBXFileReference; includeInIndex = 1; lastKnownFileType = text.xcconfig; name = "Pods-ScienceNews.debug.xcconfig"; path = "Target Support Files/Pods-ScienceNews/Pods-ScienceNews.debug.xcconfig"; sourceTree = "<group>"; };
		1E7D417628A02280B4D1CC18 /* Pods-ScienceNews.release.xcconfig */ = {isa = PBXFileReference; includeInIndex = 1; lastKnownFileType = text.xcconfig; name = "Pods-ScienceNews.release.xcconfig"; path = "Target Support Files/Pods-ScienceNews/Pods-ScienceNews.release.xcconfig"; sourceTree = "<group>"; };
		BF648017B7DEB21164AD0C60 /* Pods_ScienceNews.framework */ = {isa = PBXFileReference; explicitFileType = wrapper.framework; includeInIndex = 0; path = Pods_ScienceNews.framework; sourceTree = BUILT_PRODUCTS_DIR; };
		D31072C523C9C58200BE86DD /* ScienceNews.app */ = {isa = PBXFileReference; explicitFileType = wrapper.application; includeInIndex = 0; path = ScienceNews.app; sourceTree = BUILT_PRODUCTS_DIR; };
		D31072C823C9C58200BE86DD /* AppDelegate.swift */ = {isa = PBXFileReference; lastKnownFileType = sourcecode.swift; path = AppDelegate.swift; sourceTree = "<group>"; };
		D31072CD23C9C58200BE86DD /* Base */ = {isa = PBXFileReference; lastKnownFileType = file.storyboard; name = Base; path = Base.lproj/Main.storyboard; sourceTree = "<group>"; };
		D31072CF23C9C58300BE86DD /* Assets.xcassets */ = {isa = PBXFileReference; lastKnownFileType = folder.assetcatalog; path = Assets.xcassets; sourceTree = "<group>"; };
		D31072D223C9C58300BE86DD /* Base */ = {isa = PBXFileReference; lastKnownFileType = file.storyboard; name = Base; path = Base.lproj/LaunchScreen.storyboard; sourceTree = "<group>"; };
		D31072D423C9C58300BE86DD /* Info.plist */ = {isa = PBXFileReference; lastKnownFileType = text.plist.xml; path = Info.plist; sourceTree = "<group>"; };
		D31072DC23C9C71A00BE86DD /* TopHeadlinesPresenter.swift */ = {isa = PBXFileReference; lastKnownFileType = sourcecode.swift; path = TopHeadlinesPresenter.swift; sourceTree = "<group>"; };
		D31072E023C9C71A00BE86DD /* TopHeadlinesViewController.swift */ = {isa = PBXFileReference; lastKnownFileType = sourcecode.swift; path = TopHeadlinesViewController.swift; sourceTree = "<group>"; };
		D31072E123C9C71A00BE86DD /* TopHeadlinesInteractor.swift */ = {isa = PBXFileReference; lastKnownFileType = sourcecode.swift; path = TopHeadlinesInteractor.swift; sourceTree = "<group>"; };
		D31072E923C9EA8300BE86DD /* ArticleCell.swift */ = {isa = PBXFileReference; lastKnownFileType = sourcecode.swift; path = ArticleCell.swift; sourceTree = "<group>"; };
		D34C038423CC4F2000CD5035 /* EverythingPresenter.swift */ = {isa = PBXFileReference; lastKnownFileType = sourcecode.swift; path = EverythingPresenter.swift; sourceTree = "<group>"; };
		D34C038823CC4F2000CD5035 /* EverythingViewController.swift */ = {isa = PBXFileReference; lastKnownFileType = sourcecode.swift; path = EverythingViewController.swift; sourceTree = "<group>"; };
		D34C038923CC4F2000CD5035 /* EverythingInteractor.swift */ = {isa = PBXFileReference; lastKnownFileType = sourcecode.swift; path = EverythingInteractor.swift; sourceTree = "<group>"; };
		D34C03AE23CC667300CD5035 /* ArticlesWorker.swift */ = {isa = PBXFileReference; lastKnownFileType = sourcecode.swift; path = ArticlesWorker.swift; sourceTree = "<group>"; };
		D34C03B023CC66C800CD5035 /* ArticlesModel.swift */ = {isa = PBXFileReference; lastKnownFileType = sourcecode.swift; path = ArticlesModel.swift; sourceTree = "<group>"; };
		D34C03BF23CD39FF00CD5035 /* SavedArticlesTableViewController.swift */ = {isa = PBXFileReference; lastKnownFileType = sourcecode.swift; path = SavedArticlesTableViewController.swift; sourceTree = "<group>"; };
		D371865823CBAAA900E29C93 /* PagingTableViewController.swift */ = {isa = PBXFileReference; lastKnownFileType = sourcecode.swift; name = PagingTableViewController.swift; path = ../PagingTableViewController.swift; sourceTree = "<group>"; };
		D3DDE73723CAFAF00036B6CA /* LoadingCell.swift */ = {isa = PBXFileReference; lastKnownFileType = sourcecode.swift; name = LoadingCell.swift; path = ../LoadingCell.swift; sourceTree = "<group>"; };
		D3DDE73823CAFAF00036B6CA /* LoadingCell.xib */ = {isa = PBXFileReference; lastKnownFileType = file.xib; path = LoadingCell.xib; sourceTree = "<group>"; };
		D3DDE74923CB32420036B6CA /* ArticleCell.xib */ = {isa = PBXFileReference; lastKnownFileType = file.xib; path = ArticleCell.xib; sourceTree = "<group>"; };
		D3DDE75023CB613A0036B6CA /* ArticleDetailsViewController.swift */ = {isa = PBXFileReference; lastKnownFileType = sourcecode.swift; path = ArticleDetailsViewController.swift; sourceTree = "<group>"; };
/* End PBXFileReference section */

/* Begin PBXFrameworksBuildPhase section */
		D31072C223C9C58200BE86DD /* Frameworks */ = {
			isa = PBXFrameworksBuildPhase;
			buildActionMask = 2147483647;
			files = (
				483C95EEDCC4895FFA58285E /* Pods_ScienceNews.framework in Frameworks */,
			);
			runOnlyForDeploymentPostprocessing = 0;
		};
/* End PBXFrameworksBuildPhase section */

/* Begin PBXGroup section */
		80325ACD324649053A789751 /* Pods */ = {
			isa = PBXGroup;
			children = (
				0A20097C3F0269FEAAFC2DE9 /* Pods-ScienceNews.debug.xcconfig */,
				1E7D417628A02280B4D1CC18 /* Pods-ScienceNews.release.xcconfig */,
			);
			path = Pods;
			sourceTree = "<group>";
		};
		96C3B18F903C4AC0524205C4 /* Frameworks */ = {
			isa = PBXGroup;
			children = (
				BF648017B7DEB21164AD0C60 /* Pods_ScienceNews.framework */,
			);
			name = Frameworks;
			sourceTree = "<group>";
		};
		D31072BC23C9C58200BE86DD = {
			isa = PBXGroup;
			children = (
				D31072C723C9C58200BE86DD /* ScienceNews */,
				D31072C623C9C58200BE86DD /* Products */,
				80325ACD324649053A789751 /* Pods */,
				96C3B18F903C4AC0524205C4 /* Frameworks */,
			);
			sourceTree = "<group>";
		};
		D31072C623C9C58200BE86DD /* Products */ = {
			isa = PBXGroup;
			children = (
				D31072C523C9C58200BE86DD /* ScienceNews.app */,
			);
			name = Products;
			sourceTree = "<group>";
		};
		D31072C723C9C58200BE86DD /* ScienceNews */ = {
			isa = PBXGroup;
			children = (
				D3DDE73623CAFACA0036B6CA /* Common */,
				D31072DA23C9C6D800BE86DD /* Scenes */,
				D31072C823C9C58200BE86DD /* AppDelegate.swift */,
				D31072CC23C9C58200BE86DD /* Main.storyboard */,
				D31072CF23C9C58300BE86DD /* Assets.xcassets */,
				D31072D123C9C58300BE86DD /* LaunchScreen.storyboard */,
				D31072D423C9C58300BE86DD /* Info.plist */,
			);
			path = ScienceNews;
			sourceTree = "<group>";
		};
		D31072DA23C9C6D800BE86DD /* Scenes */ = {
			isa = PBXGroup;
			children = (
				D34C03B223CCAC0200CD5035 /* SavedArticles */,
				D31072DB23C9C6E000BE86DD /* TopHeadlines */,
				D34C038323CC4EF300CD5035 /* Everything */,
				D3DDE74B23CB61100036B6CA /* ArticleDetails */,
			);
			path = Scenes;
			sourceTree = "<group>";
		};
		D31072DB23C9C6E000BE86DD /* TopHeadlines */ = {
			isa = PBXGroup;
			children = (
				D31072E023C9C71A00BE86DD /* TopHeadlinesViewController.swift */,
				D31072E123C9C71A00BE86DD /* TopHeadlinesInteractor.swift */,
				D31072DC23C9C71A00BE86DD /* TopHeadlinesPresenter.swift */,
			);
			path = TopHeadlines;
			sourceTree = "<group>";
		};
		D34C038323CC4EF300CD5035 /* Everything */ = {
			isa = PBXGroup;
			children = (
				D34C038823CC4F2000CD5035 /* EverythingViewController.swift */,
				D34C038923CC4F2000CD5035 /* EverythingInteractor.swift */,
				D34C038423CC4F2000CD5035 /* EverythingPresenter.swift */,
			);
			path = Everything;
			sourceTree = "<group>";
		};
		D34C03AD23CC665600CD5035 /* Articles */ = {
			isa = PBXGroup;
			children = (
				D34C03AE23CC667300CD5035 /* ArticlesWorker.swift */,
				D34C03B023CC66C800CD5035 /* ArticlesModel.swift */,
			);
			path = Articles;
			sourceTree = "<group>";
		};
		D34C03B223CCAC0200CD5035 /* SavedArticles */ = {
			isa = PBXGroup;
			children = (
				D34C03BF23CD39FF00CD5035 /* SavedArticlesTableViewController.swift */,
			);
			path = SavedArticles;
			sourceTree = "<group>";
		};
		D34C03C123CD47AD00CD5035 /* PagingViewController */ = {
			isa = PBXGroup;
			children = (
				D31072E923C9EA8300BE86DD /* ArticleCell.swift */,
				D3DDE74923CB32420036B6CA /* ArticleCell.xib */,
				D3DDE73723CAFAF00036B6CA /* LoadingCell.swift */,
				D3DDE73823CAFAF00036B6CA /* LoadingCell.xib */,
				D371865823CBAAA900E29C93 /* PagingTableViewController.swift */,
			);
			path = PagingViewController;
			sourceTree = "<group>";
		};
		D3DDE73623CAFACA0036B6CA /* Common */ = {
			isa = PBXGroup;
			children = (
				D34C03C123CD47AD00CD5035 /* PagingViewController */,
				D34C03AD23CC665600CD5035 /* Articles */,
			);
			path = Common;
			sourceTree = "<group>";
		};
		D3DDE74B23CB61100036B6CA /* ArticleDetails */ = {
			isa = PBXGroup;
			children = (
				D3DDE75023CB613A0036B6CA /* ArticleDetailsViewController.swift */,
			);
			path = ArticleDetails;
			sourceTree = "<group>";
		};
/* End PBXGroup section */

/* Begin PBXNativeTarget section */
		D31072C423C9C58200BE86DD /* ScienceNews */ = {
			isa = PBXNativeTarget;
			buildConfigurationList = D31072D723C9C58300BE86DD /* Build configuration list for PBXNativeTarget "ScienceNews" */;
			buildPhases = (
				DDA0C3EB3B5289D26340174B /* [CP] Check Pods Manifest.lock */,
				D31072C123C9C58200BE86DD /* Sources */,
				D31072C223C9C58200BE86DD /* Frameworks */,
				D31072C323C9C58200BE86DD /* Resources */,
				1C1FCAED7F5C2F2AF24A89D3 /* [CP] Embed Pods Frameworks */,
			);
			buildRules = (
			);
			dependencies = (
			);
			name = ScienceNews;
			productName = ScienceNews;
			productReference = D31072C523C9C58200BE86DD /* ScienceNews.app */;
			productType = "com.apple.product-type.application";
		};
/* End PBXNativeTarget section */

/* Begin PBXProject section */
		D31072BD23C9C58200BE86DD /* Project object */ = {
			isa = PBXProject;
			attributes = {
				LastSwiftUpdateCheck = 1030;
				LastUpgradeCheck = 1030;
				ORGANIZATIONNAME = "Dinara Shadyarova";
				TargetAttributes = {
					D31072C423C9C58200BE86DD = {
						CreatedOnToolsVersion = 10.3;
					};
				};
			};
			buildConfigurationList = D31072C023C9C58200BE86DD /* Build configuration list for PBXProject "ScienceNews" */;
			compatibilityVersion = "Xcode 9.3";
			developmentRegion = en;
			hasScannedForEncodings = 0;
			knownRegions = (
				en,
				Base,
			);
			mainGroup = D31072BC23C9C58200BE86DD;
			productRefGroup = D31072C623C9C58200BE86DD /* Products */;
			projectDirPath = "";
			projectRoot = "";
			targets = (
				D31072C423C9C58200BE86DD /* ScienceNews */,
			);
		};
/* End PBXProject section */

/* Begin PBXResourcesBuildPhase section */
		D31072C323C9C58200BE86DD /* Resources */ = {
			isa = PBXResourcesBuildPhase;
			buildActionMask = 2147483647;
			files = (
				D31072D323C9C58300BE86DD /* LaunchScreen.storyboard in Resources */,
				D31072D023C9C58300BE86DD /* Assets.xcassets in Resources */,
				D3DDE73A23CAFAF00036B6CA /* LoadingCell.xib in Resources */,
				D3DDE74A23CB32420036B6CA /* ArticleCell.xib in Resources */,
				D31072CE23C9C58200BE86DD /* Main.storyboard in Resources */,
			);
			runOnlyForDeploymentPostprocessing = 0;
		};
/* End PBXResourcesBuildPhase section */

/* Begin PBXShellScriptBuildPhase section */
		1C1FCAED7F5C2F2AF24A89D3 /* [CP] Embed Pods Frameworks */ = {
			isa = PBXShellScriptBuildPhase;
			buildActionMask = 2147483647;
			files = (
			);
			inputFileListPaths = (
				"${PODS_ROOT}/Target Support Files/Pods-ScienceNews/Pods-ScienceNews-frameworks-${CONFIGURATION}-input-files.xcfilelist",
			);
			name = "[CP] Embed Pods Frameworks";
			outputFileListPaths = (
				"${PODS_ROOT}/Target Support Files/Pods-ScienceNews/Pods-ScienceNews-frameworks-${CONFIGURATION}-output-files.xcfilelist",
			);
			runOnlyForDeploymentPostprocessing = 0;
			shellPath = /bin/sh;
			shellScript = "\"${PODS_ROOT}/Target Support Files/Pods-ScienceNews/Pods-ScienceNews-frameworks.sh\"\n";
			showEnvVarsInLog = 0;
		};
		DDA0C3EB3B5289D26340174B /* [CP] Check Pods Manifest.lock */ = {
			isa = PBXShellScriptBuildPhase;
			buildActionMask = 2147483647;
			files = (
			);
			inputFileListPaths = (
			);
			inputPaths = (
				"${PODS_PODFILE_DIR_PATH}/Podfile.lock",
				"${PODS_ROOT}/Manifest.lock",
			);
			name = "[CP] Check Pods Manifest.lock";
			outputFileListPaths = (
			);
			outputPaths = (
				"$(DERIVED_FILE_DIR)/Pods-ScienceNews-checkManifestLockResult.txt",
			);
			runOnlyForDeploymentPostprocessing = 0;
			shellPath = /bin/sh;
			shellScript = "diff \"${PODS_PODFILE_DIR_PATH}/Podfile.lock\" \"${PODS_ROOT}/Manifest.lock\" > /dev/null\nif [ $? != 0 ] ; then\n    # print error to STDERR\n    echo \"error: The sandbox is not in sync with the Podfile.lock. Run 'pod install' or update your CocoaPods installation.\" >&2\n    exit 1\nfi\n# This output is used by Xcode 'outputs' to avoid re-running this script phase.\necho \"SUCCESS\" > \"${SCRIPT_OUTPUT_FILE_0}\"\n";
			showEnvVarsInLog = 0;
		};
/* End PBXShellScriptBuildPhase section */

/* Begin PBXSourcesBuildPhase section */
		D31072C123C9C58200BE86DD /* Sources */ = {
			isa = PBXSourcesBuildPhase;
			buildActionMask = 2147483647;
			files = (
				D34C038E23CC4F2000CD5035 /* EverythingViewController.swift in Sources */,
				D34C03C023CD39FF00CD5035 /* SavedArticlesTableViewController.swift in Sources */,
				D34C03AF23CC667300CD5035 /* ArticlesWorker.swift in Sources */,
				D31072E223C9C71A00BE86DD /* TopHeadlinesPresenter.swift in Sources */,
				D31072E623C9C71A00BE86DD /* TopHeadlinesViewController.swift in Sources */,
				D34C038F23CC4F2000CD5035 /* EverythingInteractor.swift in Sources */,
				D371865923CBAAA900E29C93 /* PagingTableViewController.swift in Sources */,
				D31072C923C9C58200BE86DD /* AppDelegate.swift in Sources */,
				D31072E723C9C71A00BE86DD /* TopHeadlinesInteractor.swift in Sources */,
				D34C03B123CC66C800CD5035 /* ArticlesModel.swift in Sources */,
				D3DDE75623CB613A0036B6CA /* ArticleDetailsViewController.swift in Sources */,
				D3DDE73923CAFAF00036B6CA /* LoadingCell.swift in Sources */,
				D31072EA23C9EA8300BE86DD /* ArticleCell.swift in Sources */,
				D34C038A23CC4F2000CD5035 /* EverythingPresenter.swift in Sources */,
			);
			runOnlyForDeploymentPostprocessing = 0;
		};
/* End PBXSourcesBuildPhase section */

/* Begin PBXVariantGroup section */
		D31072CC23C9C58200BE86DD /* Main.storyboard */ = {
			isa = PBXVariantGroup;
			children = (
				D31072CD23C9C58200BE86DD /* Base */,
			);
			name = Main.storyboard;
			sourceTree = "<group>";
		};
		D31072D123C9C58300BE86DD /* LaunchScreen.storyboard */ = {
			isa = PBXVariantGroup;
			children = (
				D31072D223C9C58300BE86DD /* Base */,
			);
			name = LaunchScreen.storyboard;
			sourceTree = "<group>";
		};
/* End PBXVariantGroup section */

/* Begin XCBuildConfiguration section */
		D31072D523C9C58300BE86DD /* Debug */ = {
			isa = XCBuildConfiguration;
			buildSettings = {
				ALWAYS_SEARCH_USER_PATHS = NO;
				CLANG_ANALYZER_NONNULL = YES;
				CLANG_ANALYZER_NUMBER_OBJECT_CONVERSION = YES_AGGRESSIVE;
				CLANG_CXX_LANGUAGE_STANDARD = "gnu++14";
				CLANG_CXX_LIBRARY = "libc++";
				CLANG_ENABLE_MODULES = YES;
				CLANG_ENABLE_OBJC_ARC = YES;
				CLANG_ENABLE_OBJC_WEAK = YES;
				CLANG_WARN_BLOCK_CAPTURE_AUTORELEASING = YES;
				CLANG_WARN_BOOL_CONVERSION = YES;
				CLANG_WARN_COMMA = YES;
				CLANG_WARN_CONSTANT_CONVERSION = YES;
				CLANG_WARN_DEPRECATED_OBJC_IMPLEMENTATIONS = YES;
				CLANG_WARN_DIRECT_OBJC_ISA_USAGE = YES_ERROR;
				CLANG_WARN_DOCUMENTATION_COMMENTS = YES;
				CLANG_WARN_EMPTY_BODY = YES;
				CLANG_WARN_ENUM_CONVERSION = YES;
				CLANG_WARN_INFINITE_RECURSION = YES;
				CLANG_WARN_INT_CONVERSION = YES;
				CLANG_WARN_NON_LITERAL_NULL_CONVERSION = YES;
				CLANG_WARN_OBJC_IMPLICIT_RETAIN_SELF = YES;
				CLANG_WARN_OBJC_LITERAL_CONVERSION = YES;
				CLANG_WARN_OBJC_ROOT_CLASS = YES_ERROR;
				CLANG_WARN_RANGE_LOOP_ANALYSIS = YES;
				CLANG_WARN_STRICT_PROTOTYPES = YES;
				CLANG_WARN_SUSPICIOUS_MOVE = YES;
				CLANG_WARN_UNGUARDED_AVAILABILITY = YES_AGGRESSIVE;
				CLANG_WARN_UNREACHABLE_CODE = YES;
				CLANG_WARN__DUPLICATE_METHOD_MATCH = YES;
				CODE_SIGN_IDENTITY = "iPhone Developer";
				COPY_PHASE_STRIP = NO;
				DEBUG_INFORMATION_FORMAT = dwarf;
				ENABLE_STRICT_OBJC_MSGSEND = YES;
				ENABLE_TESTABILITY = YES;
				GCC_C_LANGUAGE_STANDARD = gnu11;
				GCC_DYNAMIC_NO_PIC = NO;
				GCC_NO_COMMON_BLOCKS = YES;
				GCC_OPTIMIZATION_LEVEL = 0;
				GCC_PREPROCESSOR_DEFINITIONS = (
					"DEBUG=1",
					"$(inherited)",
				);
				GCC_WARN_64_TO_32_BIT_CONVERSION = YES;
				GCC_WARN_ABOUT_RETURN_TYPE = YES_ERROR;
				GCC_WARN_UNDECLARED_SELECTOR = YES;
				GCC_WARN_UNINITIALIZED_AUTOS = YES_AGGRESSIVE;
				GCC_WARN_UNUSED_FUNCTION = YES;
				GCC_WARN_UNUSED_VARIABLE = YES;
				IPHONEOS_DEPLOYMENT_TARGET = 12.4;
				MTL_ENABLE_DEBUG_INFO = INCLUDE_SOURCE;
				MTL_FAST_MATH = YES;
				ONLY_ACTIVE_ARCH = YES;
				SDKROOT = iphoneos;
				SWIFT_ACTIVE_COMPILATION_CONDITIONS = DEBUG;
				SWIFT_OPTIMIZATION_LEVEL = "-Onone";
			};
			name = Debug;
		};
		D31072D623C9C58300BE86DD /* Release */ = {
			isa = XCBuildConfiguration;
			buildSettings = {
				ALWAYS_SEARCH_USER_PATHS = NO;
				CLANG_ANALYZER_NONNULL = YES;
				CLANG_ANALYZER_NUMBER_OBJECT_CONVERSION = YES_AGGRESSIVE;
				CLANG_CXX_LANGUAGE_STANDARD = "gnu++14";
				CLANG_CXX_LIBRARY = "libc++";
				CLANG_ENABLE_MODULES = YES;
				CLANG_ENABLE_OBJC_ARC = YES;
				CLANG_ENABLE_OBJC_WEAK = YES;
				CLANG_WARN_BLOCK_CAPTURE_AUTORELEASING = YES;
				CLANG_WARN_BOOL_CONVERSION = YES;
				CLANG_WARN_COMMA = YES;
				CLANG_WARN_CONSTANT_CONVERSION = YES;
				CLANG_WARN_DEPRECATED_OBJC_IMPLEMENTATIONS = YES;
				CLANG_WARN_DIRECT_OBJC_ISA_USAGE = YES_ERROR;
				CLANG_WARN_DOCUMENTATION_COMMENTS = YES;
				CLANG_WARN_EMPTY_BODY = YES;
				CLANG_WARN_ENUM_CONVERSION = YES;
				CLANG_WARN_INFINITE_RECURSION = YES;
				CLANG_WARN_INT_CONVERSION = YES;
				CLANG_WARN_NON_LITERAL_NULL_CONVERSION = YES;
				CLANG_WARN_OBJC_IMPLICIT_RETAIN_SELF = YES;
				CLANG_WARN_OBJC_LITERAL_CONVERSION = YES;
				CLANG_WARN_OBJC_ROOT_CLASS = YES_ERROR;
				CLANG_WARN_RANGE_LOOP_ANALYSIS = YES;
				CLANG_WARN_STRICT_PROTOTYPES = YES;
				CLANG_WARN_SUSPICIOUS_MOVE = YES;
				CLANG_WARN_UNGUARDED_AVAILABILITY = YES_AGGRESSIVE;
				CLANG_WARN_UNREACHABLE_CODE = YES;
				CLANG_WARN__DUPLICATE_METHOD_MATCH = YES;
				CODE_SIGN_IDENTITY = "iPhone Developer";
				COPY_PHASE_STRIP = NO;
				DEBUG_INFORMATION_FORMAT = "dwarf-with-dsym";
				ENABLE_NS_ASSERTIONS = NO;
				ENABLE_STRICT_OBJC_MSGSEND = YES;
				GCC_C_LANGUAGE_STANDARD = gnu11;
				GCC_NO_COMMON_BLOCKS = YES;
				GCC_WARN_64_TO_32_BIT_CONVERSION = YES;
				GCC_WARN_ABOUT_RETURN_TYPE = YES_ERROR;
				GCC_WARN_UNDECLARED_SELECTOR = YES;
				GCC_WARN_UNINITIALIZED_AUTOS = YES_AGGRESSIVE;
				GCC_WARN_UNUSED_FUNCTION = YES;
				GCC_WARN_UNUSED_VARIABLE = YES;
				IPHONEOS_DEPLOYMENT_TARGET = 12.4;
				MTL_ENABLE_DEBUG_INFO = NO;
				MTL_FAST_MATH = YES;
				SDKROOT = iphoneos;
				SWIFT_COMPILATION_MODE = wholemodule;
				SWIFT_OPTIMIZATION_LEVEL = "-O";
				VALIDATE_PRODUCT = YES;
			};
			name = Release;
		};
		D31072D823C9C58300BE86DD /* Debug */ = {
			isa = XCBuildConfiguration;
			baseConfigurationReference = 0A20097C3F0269FEAAFC2DE9 /* Pods-ScienceNews.debug.xcconfig */;
			buildSettings = {
				ASSETCATALOG_COMPILER_APPICON_NAME = AppIcon;
				CODE_SIGN_STYLE = Automatic;
				DEVELOPMENT_TEAM = 8QSWEU76H9;
				INFOPLIST_FILE = ScienceNews/Info.plist;
				LD_RUNPATH_SEARCH_PATHS = (
					"$(inherited)",
					"@executable_path/Frameworks",
				);
				PRODUCT_BUNDLE_IDENTIFIER = com.dinaraShadyarova.ScienceNews;
				PRODUCT_NAME = "$(TARGET_NAME)";
				SWIFT_VERSION = 5.0;
				TARGETED_DEVICE_FAMILY = "1,2";
			};
			name = Debug;
		};
		D31072D923C9C58300BE86DD /* Release */ = {
			isa = XCBuildConfiguration;
			baseConfigurationReference = 1E7D417628A02280B4D1CC18 /* Pods-ScienceNews.release.xcconfig */;
			buildSettings = {
				ASSETCATALOG_COMPILER_APPICON_NAME = AppIcon;
				CODE_SIGN_STYLE = Automatic;
				DEVELOPMENT_TEAM = 8QSWEU76H9;
				INFOPLIST_FILE = ScienceNews/Info.plist;
				LD_RUNPATH_SEARCH_PATHS = (
					"$(inherited)",
					"@executable_path/Frameworks",
				);
				PRODUCT_BUNDLE_IDENTIFIER = com.dinaraShadyarova.ScienceNews;
				PRODUCT_NAME = "$(TARGET_NAME)";
				SWIFT_VERSION = 5.0;
				TARGETED_DEVICE_FAMILY = "1,2";
			};
			name = Release;
		};
/* End XCBuildConfiguration section */

/* Begin XCConfigurationList section */
		D31072C023C9C58200BE86DD /* Build configuration list for PBXProject "ScienceNews" */ = {
			isa = XCConfigurationList;
			buildConfigurations = (
				D31072D523C9C58300BE86DD /* Debug */,
				D31072D623C9C58300BE86DD /* Release */,
			);
			defaultConfigurationIsVisible = 0;
			defaultConfigurationName = Release;
		};
		D31072D723C9C58300BE86DD /* Build configuration list for PBXNativeTarget "ScienceNews" */ = {
			isa = XCConfigurationList;
			buildConfigurations = (
				D31072D823C9C58300BE86DD /* Debug */,
				D31072D923C9C58300BE86DD /* Release */,
			);
			defaultConfigurationIsVisible = 0;
			defaultConfigurationName = Release;
		};
/* End XCConfigurationList section */
	};
	rootObject = D31072BD23C9C58200BE86DD /* Project object */;
}
